
Microsoft Visual Studio Solution File, Format Version 12.00
# Visual Studio Version 16
VisualStudioVersion = 16.0.30330.147
MinimumVisualStudioVersion = 10.0.40219.1
Project("{2150E333-8FDC-42A3-9474-1A3956D46DE8}") = "src", "src", "{215BB6C1-E223-4268-8744-0C4A6A7CAB3D}"
EndProject
Project("{9A19103F-16F7-4668-BE54-9A1E7A4F7556}") = "Catalog.API", "src\Catalog.API\Catalog.API.csproj", "{DBC886D2-999E-4BDA-B414-22D26106F8B9}"
EndProject
Project("{E53339B2-1760-4266-BCC7-CA923CBCF16C}") = "docker-compose", "docker-compose.dcproj", "{3FF49D22-DF41-4927-8204-AA085D098268}"
EndProject
Project("{9A19103F-16F7-4668-BE54-9A1E7A4F7556}") = "ShopCart.API", "src\ShopCart.API\ShopCart.API.csproj", "{7AA10BF0-E7FF-43DD-82DA-C008661052F7}"
EndProject
Project("{9A19103F-16F7-4668-BE54-9A1E7A4F7556}") = "EventBusRabbitMQ", "src\EventBusRabbitMQ\EventBusRabbitMQ.csproj", "{CDBFA41C-D392-47C3-AB0B-FC28752DB6C7}"
EndProject
Project("{2150E333-8FDC-42A3-9474-1A3956D46DE8}") = "Ordering", "Ordering", "{ED10D95D-69C4-40A1-A5E6-7948E005EC28}"
EndProject
Project("{9A19103F-16F7-4668-BE54-9A1E7A4F7556}") = "Ordering.API", "src\Ordering.API\Ordering.API\Ordering.API.csproj", "{15C93EE5-8ADB-4F67-9381-8E40B4B337EA}"
EndProject
Project("{9A19103F-16F7-4668-BE54-9A1E7A4F7556}") = "Ordering.Core", "src\Ordering.API\Ordering.Core\Ordering.Core.csproj", "{36A78359-8C36-4F8D-BA1A-491835280687}"
EndProject
Project("{9A19103F-16F7-4668-BE54-9A1E7A4F7556}") = "Ordering.Infra", "src\Ordering.API\Ordering.Infra\Ordering.Infra.csproj", "{4BD92129-9565-42D9-9BE0-9FB7A85BD9C6}"
EndProject
Project("{9A19103F-16F7-4668-BE54-9A1E7A4F7556}") = "Ordering.Application", "src\Ordering.API\Ordering.Application\Ordering.Application.csproj", "{FB796163-8AC9-43E7-A9AB-E661D0BA57C6}"
EndProject
Project("{FAE04EC0-301F-11D3-BF4B-00C04F79EFBC}") = "APIGateway", "src\APIGateway\APIGateway.csproj", "{E71B9F01-0C86-411B-A467-9EC6BEE6ABC6}"
EndProject
Global
	GlobalSection(SolutionConfigurationPlatforms) = preSolution
		Debug|Any CPU = Debug|Any CPU
		Release|Any CPU = Release|Any CPU
	EndGlobalSection
	GlobalSection(ProjectConfigurationPlatforms) = postSolution
		{DBC886D2-999E-4BDA-B414-22D26106F8B9}.Debug|Any CPU.ActiveCfg = Debug|Any CPU
		{DBC886D2-999E-4BDA-B414-22D26106F8B9}.Debug|Any CPU.Build.0 = Debug|Any CPU
		{DBC886D2-999E-4BDA-B414-22D26106F8B9}.Release|Any CPU.ActiveCfg = Release|Any CPU
		{DBC886D2-999E-4BDA-B414-22D26106F8B9}.Release|Any CPU.Build.0 = Release|Any CPU
		{3FF49D22-DF41-4927-8204-AA085D098268}.Debug|Any CPU.ActiveCfg = Debug|Any CPU
		{3FF49D22-DF41-4927-8204-AA085D098268}.Debug|Any CPU.Build.0 = Debug|Any CPU
		{3FF49D22-DF41-4927-8204-AA085D098268}.Release|Any CPU.ActiveCfg = Release|Any CPU
		{3FF49D22-DF41-4927-8204-AA085D098268}.Release|Any CPU.Build.0 = Release|Any CPU
		{7AA10BF0-E7FF-43DD-82DA-C008661052F7}.Debug|Any CPU.ActiveCfg = Debug|Any CPU
		{7AA10BF0-E7FF-43DD-82DA-C008661052F7}.Debug|Any CPU.Build.0 = Debug|Any CPU
		{7AA10BF0-E7FF-43DD-82DA-C008661052F7}.Release|Any CPU.ActiveCfg = Release|Any CPU
		{7AA10BF0-E7FF-43DD-82DA-C008661052F7}.Release|Any CPU.Build.0 = Release|Any CPU
		{CDBFA41C-D392-47C3-AB0B-FC28752DB6C7}.Debug|Any CPU.ActiveCfg = Debug|Any CPU
		{CDBFA41C-D392-47C3-AB0B-FC28752DB6C7}.Debug|Any CPU.Build.0 = Debug|Any CPU
		{CDBFA41C-D392-47C3-AB0B-FC28752DB6C7}.Release|Any CPU.ActiveCfg = Release|Any CPU
		{CDBFA41C-D392-47C3-AB0B-FC28752DB6C7}.Release|Any CPU.Build.0 = Release|Any CPU
		{15C93EE5-8ADB-4F67-9381-8E40B4B337EA}.Debug|Any CPU.ActiveCfg = Debug|Any CPU
		{15C93EE5-8ADB-4F67-9381-8E40B4B337EA}.Debug|Any CPU.Build.0 = Debug|Any CPU
		{15C93EE5-8ADB-4F67-9381-8E40B4B337EA}.Release|Any CPU.ActiveCfg = Release|Any CPU
		{15C93EE5-8ADB-4F67-9381-8E40B4B337EA}.Release|Any CPU.Build.0 = Release|Any CPU
		{36A78359-8C36-4F8D-BA1A-491835280687}.Debug|Any CPU.ActiveCfg = Debug|Any CPU
		{36A78359-8C36-4F8D-BA1A-491835280687}.Debug|Any CPU.Build.0 = Debug|Any CPU
		{36A78359-8C36-4F8D-BA1A-491835280687}.Release|Any CPU.ActiveCfg = Release|Any CPU
		{36A78359-8C36-4F8D-BA1A-491835280687}.Release|Any CPU.Build.0 = Release|Any CPU
		{4BD92129-9565-42D9-9BE0-9FB7A85BD9C6}.Debug|Any CPU.ActiveCfg = Debug|Any CPU
		{4BD92129-9565-42D9-9BE0-9FB7A85BD9C6}.Debug|Any CPU.Build.0 = Debug|Any CPU
		{4BD92129-9565-42D9-9BE0-9FB7A85BD9C6}.Release|Any CPU.ActiveCfg = Release|Any CPU
		{4BD92129-9565-42D9-9BE0-9FB7A85BD9C6}.Release|Any CPU.Build.0 = Release|Any CPU
		{FB796163-8AC9-43E7-A9AB-E661D0BA57C6}.Debug|Any CPU.ActiveCfg = Debug|Any CPU
		{FB796163-8AC9-43E7-A9AB-E661D0BA57C6}.Debug|Any CPU.Build.0 = Debug|Any CPU
		{FB796163-8AC9-43E7-A9AB-E661D0BA57C6}.Release|Any CPU.ActiveCfg = Release|Any CPU
		{FB796163-8AC9-43E7-A9AB-E661D0BA57C6}.Release|Any CPU.Build.0 = Release|Any CPU
		{E71B9F01-0C86-411B-A467-9EC6BEE6ABC6}.Debug|Any CPU.ActiveCfg = Debug|Any CPU
		{E71B9F01-0C86-411B-A467-9EC6BEE6ABC6}.Debug|Any CPU.Build.0 = Debug|Any CPU
		{E71B9F01-0C86-411B-A467-9EC6BEE6ABC6}.Release|Any CPU.ActiveCfg = Release|Any CPU
		{E71B9F01-0C86-411B-A467-9EC6BEE6ABC6}.Release|Any CPU.Build.0 = Release|Any CPU
	EndGlobalSection
	GlobalSection(SolutionProperties) = preSolution
		HideSolutionNode = FALSE
	EndGlobalSection
	GlobalSection(NestedProjects) = preSolution
		{DBC886D2-999E-4BDA-B414-22D26106F8B9} = {215BB6C1-E223-4268-8744-0C4A6A7CAB3D}
		{7AA10BF0-E7FF-43DD-82DA-C008661052F7} = {215BB6C1-E223-4268-8744-0C4A6A7CAB3D}
		{CDBFA41C-D392-47C3-AB0B-FC28752DB6C7} = {215BB6C1-E223-4268-8744-0C4A6A7CAB3D}
		{ED10D95D-69C4-40A1-A5E6-7948E005EC28} = {215BB6C1-E223-4268-8744-0C4A6A7CAB3D}
		{15C93EE5-8ADB-4F67-9381-8E40B4B337EA} = {ED10D95D-69C4-40A1-A5E6-7948E005EC28}
		{36A78359-8C36-4F8D-BA1A-491835280687} = {ED10D95D-69C4-40A1-A5E6-7948E005EC28}
		{4BD92129-9565-42D9-9BE0-9FB7A85BD9C6} = {ED10D95D-69C4-40A1-A5E6-7948E005EC28}
		{FB796163-8AC9-43E7-A9AB-E661D0BA57C6} = {ED10D95D-69C4-40A1-A5E6-7948E005EC28}
		{E71B9F01-0C86-411B-A467-9EC6BEE6ABC6} = {215BB6C1-E223-4268-8744-0C4A6A7CAB3D}
	EndGlobalSection
	GlobalSection(ExtensibilityGlobals) = postSolution
		SolutionGuid = {6698D370-3310-4A26-8D82-AEF8362DF471}
	EndGlobalSection
EndGlobal
